
Microsoft Visual Studio Solution File, Format Version 12.00
# Visual Studio Version 17
VisualStudioVersion = 17.3.32901.215
MinimumVisualStudioVersion = 10.0.40219.1
Project("{2150E333-8FDC-42A3-9474-1A3956D46DE8}") = "src", "src", "{196AB475-673F-4F4A-A292-A833E0DE462C}"
EndProject
Project("{2150E333-8FDC-42A3-9474-1A3956D46DE8}") = "tests", "tests", "{10DF1694-66F4-4296-9E5C-5EE3DAE19521}"
EndProject
Project("{2150E333-8FDC-42A3-9474-1A3956D46DE8}") = "Solution Items", "Solution Items", "{420AE66B-2AC7-498E-AC3C-EB5D20485833}"
	ProjectSection(SolutionItems) = preProject
		docker-compose.yml = docker-compose.yml
	EndProjectSection
EndProject
Project("{2150E333-8FDC-42A3-9474-1A3956D46DE8}") = "contact", "contact", "{C5FA8634-655E-4F4C-A3FE-CA5E128AF93D}"
EndProject
Project("{2150E333-8FDC-42A3-9474-1A3956D46DE8}") = "report", "report", "{354636F8-5CFC-492E-8FD4-60414AB3BD79}"
EndProject
Project("{9A19103F-16F7-4668-BE54-9A1E7A4F7556}") = "api.contact", "src\contact\api.contact\api.contact.csproj", "{D957D506-0707-490C-9F94-7D95A04AC935}"
EndProject
Project("{9A19103F-16F7-4668-BE54-9A1E7A4F7556}") = "api.report", "src\report\api.report\api.report.csproj", "{7AABBF77-13BF-43C7-B812-AE260A818388}"
EndProject
Project("{9A19103F-16F7-4668-BE54-9A1E7A4F7556}") = "service.contact", "src\contact\service.contact\service.contact.csproj", "{2FAFB892-1BAA-4CD3-A5BD-087D118369AB}"
EndProject
Project("{9A19103F-16F7-4668-BE54-9A1E7A4F7556}") = "entity.contact", "src\contact\entity.contact\entity.contact.csproj", "{A9807BE3-13EE-4984-AF2B-D4787EC045EF}"
EndProject
Project("{9A19103F-16F7-4668-BE54-9A1E7A4F7556}") = "entity.report", "src\report\entity.report\entity.report.csproj", "{048A4270-50B9-4089-9D98-DC85332A8610}"
EndProject
Project("{9A19103F-16F7-4668-BE54-9A1E7A4F7556}") = "service.report", "src\report\service.report\service.report.csproj", "{C32FFE8F-FA9B-455A-90AA-B43B12028327}"
EndProject
Project("{2150E333-8FDC-42A3-9474-1A3956D46DE8}") = "common", "common", "{4DC06AE2-BB7D-42B4-A9C2-C447929F6A1D}"
EndProject
Project("{9A19103F-16F7-4668-BE54-9A1E7A4F7556}") = "entity.common", "src\common\entity.common\entity.common.csproj", "{29B517D3-7C05-43E9-A542-FF9E7C833EEA}"
EndProject
Project("{9A19103F-16F7-4668-BE54-9A1E7A4F7556}") = "service.common", "src\common\service.common\service.common.csproj", "{D26A8054-AA0A-4142-9A78-8B9ED1D111C8}"
EndProject
Project("{FAE04EC0-301F-11D3-BF4B-00C04F79EFBC}") = "contact.UnitTests", "tests\contact.UnitTests\contact.UnitTests.csproj", "{8D1D1CD4-5B0C-4572-AD19-E19410965B13}"
EndProject
Global
	GlobalSection(SolutionConfigurationPlatforms) = preSolution
		Debug|Any CPU = Debug|Any CPU
		Release|Any CPU = Release|Any CPU
	EndGlobalSection
	GlobalSection(ProjectConfigurationPlatforms) = postSolution
		{D957D506-0707-490C-9F94-7D95A04AC935}.Debug|Any CPU.ActiveCfg = Debug|Any CPU
		{D957D506-0707-490C-9F94-7D95A04AC935}.Debug|Any CPU.Build.0 = Debug|Any CPU
		{D957D506-0707-490C-9F94-7D95A04AC935}.Release|Any CPU.ActiveCfg = Release|Any CPU
		{D957D506-0707-490C-9F94-7D95A04AC935}.Release|Any CPU.Build.0 = Release|Any CPU
		{7AABBF77-13BF-43C7-B812-AE260A818388}.Debug|Any CPU.ActiveCfg = Debug|Any CPU
		{7AABBF77-13BF-43C7-B812-AE260A818388}.Debug|Any CPU.Build.0 = Debug|Any CPU
		{7AABBF77-13BF-43C7-B812-AE260A818388}.Release|Any CPU.ActiveCfg = Release|Any CPU
		{7AABBF77-13BF-43C7-B812-AE260A818388}.Release|Any CPU.Build.0 = Release|Any CPU
		{2FAFB892-1BAA-4CD3-A5BD-087D118369AB}.Debug|Any CPU.ActiveCfg = Debug|Any CPU
		{2FAFB892-1BAA-4CD3-A5BD-087D118369AB}.Debug|Any CPU.Build.0 = Debug|Any CPU
		{2FAFB892-1BAA-4CD3-A5BD-087D118369AB}.Release|Any CPU.ActiveCfg = Release|Any CPU
		{2FAFB892-1BAA-4CD3-A5BD-087D118369AB}.Release|Any CPU.Build.0 = Release|Any CPU
		{A9807BE3-13EE-4984-AF2B-D4787EC045EF}.Debug|Any CPU.ActiveCfg = Debug|Any CPU
		{A9807BE3-13EE-4984-AF2B-D4787EC045EF}.Debug|Any CPU.Build.0 = Debug|Any CPU
		{A9807BE3-13EE-4984-AF2B-D4787EC045EF}.Release|Any CPU.ActiveCfg = Release|Any CPU
		{A9807BE3-13EE-4984-AF2B-D4787EC045EF}.Release|Any CPU.Build.0 = Release|Any CPU
		{048A4270-50B9-4089-9D98-DC85332A8610}.Debug|Any CPU.ActiveCfg = Debug|Any CPU
		{048A4270-50B9-4089-9D98-DC85332A8610}.Debug|Any CPU.Build.0 = Debug|Any CPU
		{048A4270-50B9-4089-9D98-DC85332A8610}.Release|Any CPU.ActiveCfg = Release|Any CPU
		{048A4270-50B9-4089-9D98-DC85332A8610}.Release|Any CPU.Build.0 = Release|Any CPU
		{C32FFE8F-FA9B-455A-90AA-B43B12028327}.Debug|Any CPU.ActiveCfg = Debug|Any CPU
		{C32FFE8F-FA9B-455A-90AA-B43B12028327}.Debug|Any CPU.Build.0 = Debug|Any CPU
		{C32FFE8F-FA9B-455A-90AA-B43B12028327}.Release|Any CPU.ActiveCfg = Release|Any CPU
		{C32FFE8F-FA9B-455A-90AA-B43B12028327}.Release|Any CPU.Build.0 = Release|Any CPU
		{29B517D3-7C05-43E9-A542-FF9E7C833EEA}.Debug|Any CPU.ActiveCfg = Debug|Any CPU
		{29B517D3-7C05-43E9-A542-FF9E7C833EEA}.Debug|Any CPU.Build.0 = Debug|Any CPU
		{29B517D3-7C05-43E9-A542-FF9E7C833EEA}.Release|Any CPU.ActiveCfg = Release|Any CPU
		{29B517D3-7C05-43E9-A542-FF9E7C833EEA}.Release|Any CPU.Build.0 = Release|Any CPU
		{D26A8054-AA0A-4142-9A78-8B9ED1D111C8}.Debug|Any CPU.ActiveCfg = Debug|Any CPU
		{D26A8054-AA0A-4142-9A78-8B9ED1D111C8}.Debug|Any CPU.Build.0 = Debug|Any CPU
		{D26A8054-AA0A-4142-9A78-8B9ED1D111C8}.Release|Any CPU.ActiveCfg = Release|Any CPU
		{D26A8054-AA0A-4142-9A78-8B9ED1D111C8}.Release|Any CPU.Build.0 = Release|Any CPU
		{8D1D1CD4-5B0C-4572-AD19-E19410965B13}.Debug|Any CPU.ActiveCfg = Debug|Any CPU
		{8D1D1CD4-5B0C-4572-AD19-E19410965B13}.Debug|Any CPU.Build.0 = Debug|Any CPU
		{8D1D1CD4-5B0C-4572-AD19-E19410965B13}.Release|Any CPU.ActiveCfg = Release|Any CPU
		{8D1D1CD4-5B0C-4572-AD19-E19410965B13}.Release|Any CPU.Build.0 = Release|Any CPU
	EndGlobalSection
	GlobalSection(SolutionProperties) = preSolution
		HideSolutionNode = FALSE
	EndGlobalSection
	GlobalSection(NestedProjects) = preSolution
		{C5FA8634-655E-4F4C-A3FE-CA5E128AF93D} = {196AB475-673F-4F4A-A292-A833E0DE462C}
		{354636F8-5CFC-492E-8FD4-60414AB3BD79} = {196AB475-673F-4F4A-A292-A833E0DE462C}
		{D957D506-0707-490C-9F94-7D95A04AC935} = {C5FA8634-655E-4F4C-A3FE-CA5E128AF93D}
		{7AABBF77-13BF-43C7-B812-AE260A818388} = {354636F8-5CFC-492E-8FD4-60414AB3BD79}
		{2FAFB892-1BAA-4CD3-A5BD-087D118369AB} = {C5FA8634-655E-4F4C-A3FE-CA5E128AF93D}
		{A9807BE3-13EE-4984-AF2B-D4787EC045EF} = {C5FA8634-655E-4F4C-A3FE-CA5E128AF93D}
		{048A4270-50B9-4089-9D98-DC85332A8610} = {354636F8-5CFC-492E-8FD4-60414AB3BD79}
		{C32FFE8F-FA9B-455A-90AA-B43B12028327} = {354636F8-5CFC-492E-8FD4-60414AB3BD79}
		{4DC06AE2-BB7D-42B4-A9C2-C447929F6A1D} = {196AB475-673F-4F4A-A292-A833E0DE462C}
		{29B517D3-7C05-43E9-A542-FF9E7C833EEA} = {4DC06AE2-BB7D-42B4-A9C2-C447929F6A1D}
		{D26A8054-AA0A-4142-9A78-8B9ED1D111C8} = {4DC06AE2-BB7D-42B4-A9C2-C447929F6A1D}
		{8D1D1CD4-5B0C-4572-AD19-E19410965B13} = {10DF1694-66F4-4296-9E5C-5EE3DAE19521}
	EndGlobalSection
	GlobalSection(ExtensibilityGlobals) = postSolution
		SolutionGuid = {205CB39D-5A68-4344-9196-C2BFD67DC54D}
	EndGlobalSection
EndGlobal
